
Microsoft Visual Studio Solution File, Format Version 12.00
# Visual Studio Version 17
VisualStudioVersion = 17.10.35122.118
MinimumVisualStudioVersion = 10.0.40219.1
Project("{9A19103F-16F7-4668-BE54-9A1E7A4F7556}") = "Solution_IBIS", "Solution_IBIS.csproj", "{46D85A7D-F7E9-4F29-AE43-431AC342C22A}"
EndProject
Project("{FAE04EC0-301F-11D3-BF4B-00C04F79EFBC}") = "Application", "..\Application\Application.csproj", "{36957E75-D6FD-4F0C-B022-4E64AE13CAFB}"
EndProject
Project("{FAE04EC0-301F-11D3-BF4B-00C04F79EFBC}") = "Domain", "..\Domain\Domain.csproj", "{977FBFAD-C846-40DE-A23A-3AF096EB5AA2}"
EndProject
Project("{FAE04EC0-301F-11D3-BF4B-00C04F79EFBC}") = "Infraestructure", "..\Infraestructure\Infraestructure.csproj", "{ADF99E3C-958D-44A1-9D4D-ED47C7995BAE}"
EndProject
Global
	GlobalSection(SolutionConfigurationPlatforms) = preSolution
		Debug|Any CPU = Debug|Any CPU
		Release|Any CPU = Release|Any CPU
	EndGlobalSection
	GlobalSection(ProjectConfigurationPlatforms) = postSolution
		{46D85A7D-F7E9-4F29-AE43-431AC342C22A}.Debug|Any CPU.ActiveCfg = Debug|Any CPU
		{46D85A7D-F7E9-4F29-AE43-431AC342C22A}.Debug|Any CPU.Build.0 = Debug|Any CPU
		{46D85A7D-F7E9-4F29-AE43-431AC342C22A}.Release|Any CPU.ActiveCfg = Release|Any CPU
		{46D85A7D-F7E9-4F29-AE43-431AC342C22A}.Release|Any CPU.Build.0 = Release|Any CPU
		{36957E75-D6FD-4F0C-B022-4E64AE13CAFB}.Debug|Any CPU.ActiveCfg = Debug|Any CPU
		{36957E75-D6FD-4F0C-B022-4E64AE13CAFB}.Debug|Any CPU.Build.0 = Debug|Any CPU
		{36957E75-D6FD-4F0C-B022-4E64AE13CAFB}.Release|Any CPU.ActiveCfg = Release|Any CPU
		{36957E75-D6FD-4F0C-B022-4E64AE13CAFB}.Release|Any CPU.Build.0 = Release|Any CPU
		{977FBFAD-C846-40DE-A23A-3AF096EB5AA2}.Debug|Any CPU.ActiveCfg = Debug|Any CPU
		{977FBFAD-C846-40DE-A23A-3AF096EB5AA2}.Debug|Any CPU.Build.0 = Debug|Any CPU
		{977FBFAD-C846-40DE-A23A-3AF096EB5AA2}.Release|Any CPU.ActiveCfg = Release|Any CPU
		{977FBFAD-C846-40DE-A23A-3AF096EB5AA2}.Release|Any CPU.Build.0 = Release|Any CPU
		{ADF99E3C-958D-44A1-9D4D-ED47C7995BAE}.Debug|Any CPU.ActiveCfg = Debug|Any CPU
		{ADF99E3C-958D-44A1-9D4D-ED47C7995BAE}.Debug|Any CPU.Build.0 = Debug|Any CPU
		{ADF99E3C-958D-44A1-9D4D-ED47C7995BAE}.Release|Any CPU.ActiveCfg = Release|Any CPU
		{ADF99E3C-958D-44A1-9D4D-ED47C7995BAE}.Release|Any CPU.Build.0 = Release|Any CPU
	EndGlobalSection
	GlobalSection(SolutionProperties) = preSolution
		HideSolutionNode = FALSE
	EndGlobalSection
	GlobalSection(ExtensibilityGlobals) = postSolution
		SolutionGuid = {B2D6CED7-75F2-4CE6-B6DD-6F5B2B40BC61}
	EndGlobalSection
EndGlobal
